// !$*UTF8*$!
{
	archiveVersion = 1;
	classes = {
	};
	objectVersion = 50;
	objects = {

/* Begin PBXBuildFile section */
		F81A0690245135AD00573790 /* AppDelegate.swift in Sources */ = {isa = PBXBuildFile; fileRef = F81A068F245135AD00573790 /* AppDelegate.swift */; };
		F81A0692245135AD00573790 /* SceneDelegate.swift in Sources */ = {isa = PBXBuildFile; fileRef = F81A0691245135AD00573790 /* SceneDelegate.swift */; };
		F81A0694245135AD00573790 /* ViewController.swift in Sources */ = {isa = PBXBuildFile; fileRef = F81A0693245135AD00573790 /* ViewController.swift */; };
		F81A0697245135AD00573790 /* Main.storyboard in Resources */ = {isa = PBXBuildFile; fileRef = F81A0695245135AD00573790 /* Main.storyboard */; };
		F81A0699245135AD00573790 /* Assets.xcassets in Resources */ = {isa = PBXBuildFile; fileRef = F81A0698245135AD00573790 /* Assets.xcassets */; };
		F81A069C245135AD00573790 /* LaunchScreen.storyboard in Resources */ = {isa = PBXBuildFile; fileRef = F81A069A245135AD00573790 /* LaunchScreen.storyboard */; };
		F81A06B2245135DA00573790 /* bathroom.jpg in Resources */ = {isa = PBXBuildFile; fileRef = F81A06A3245135D900573790 /* bathroom.jpg */; };
		F81A06B3245135DA00573790 /* kitchen.jpg in Resources */ = {isa = PBXBuildFile; fileRef = F81A06A4245135D900573790 /* kitchen.jpg */; };
		F81A06B4245135DA00573790 /* dungeon.jpg in Resources */ = {isa = PBXBuildFile; fileRef = F81A06A5245135D900573790 /* dungeon.jpg */; };
		F81A06B5245135DA00573790 /* dining_room.jpg in Resources */ = {isa = PBXBuildFile; fileRef = F81A06A6245135D900573790 /* dining_room.jpg */; };
		F81A06B6245135DA00573790 /* bedroom.jpg in Resources */ = {isa = PBXBuildFile; fileRef = F81A06A7245135D900573790 /* bedroom.jpg */; };
		F81A06B7245135DA00573790 /* library.jpg in Resources */ = {isa = PBXBuildFile; fileRef = F81A06A8245135D900573790 /* library.jpg */; };
		F81A06B8245135DA00573790 /* cursed_chalice.jpg in Resources */ = {isa = PBXBuildFile; fileRef = F81A06A9245135D900573790 /* cursed_chalice.jpg */; };
		F81A06B9245135DA00573790 /* back_porch.jpg in Resources */ = {isa = PBXBuildFile; fileRef = F81A06AA245135DA00573790 /* back_porch.jpg */; };
		F81A06BA245135DA00573790 /* mysterious_lake.jpg in Resources */ = {isa = PBXBuildFile; fileRef = F81A06AB245135DA00573790 /* mysterious_lake.jpg */; };
		F81A06BB245135DA00573790 /* secret_passage.jpg in Resources */ = {isa = PBXBuildFile; fileRef = F81A06AC245135DA00573790 /* secret_passage.jpg */; };
		F81A06BC245135DA00573790 /* front_door.jpg in Resources */ = {isa = PBXBuildFile; fileRef = F81A06AD245135DA00573790 /* front_door.jpg */; };
		F81A06BD245135DA00573790 /* generator.jpg in Resources */ = {isa = PBXBuildFile; fileRef = F81A06AE245135DA00573790 /* generator.jpg */; };
		F81A06BE245135DA00573790 /* coat_room.jpg in Resources */ = {isa = PBXBuildFile; fileRef = F81A06AF245135DA00573790 /* coat_room.jpg */; };
		F81A06BF245135DA00573790 /* labratory.jpg in Resources */ = {isa = PBXBuildFile; fileRef = F81A06B0245135DA00573790 /* labratory.jpg */; };
		F81A06C0245135DA00573790 /* stairs_up.jpg in Resources */ = {isa = PBXBuildFile; fileRef = F81A06B1245135DA00573790 /* stairs_up.jpg */; };
/* End PBXBuildFile section */

/* Begin PBXFileReference section */
		F81A068C245135AD00573790 /* assingment3.app */ = {isa = PBXFileReference; explicitFileType = wrapper.application; includeInIndex = 0; path = assingment3.app; sourceTree = BUILT_PRODUCTS_DIR; };
		F81A068F245135AD00573790 /* AppDelegate.swift */ = {isa = PBXFileReference; lastKnownFileType = sourcecode.swift; path = AppDelegate.swift; sourceTree = "<group>"; };
		F81A0691245135AD00573790 /* SceneDelegate.swift */ = {isa = PBXFileReference; lastKnownFileType = sourcecode.swift; path = SceneDelegate.swift; sourceTree = "<group>"; };
		F81A0693245135AD00573790 /* ViewController.swift */ = {isa = PBXFileReference; lastKnownFileType = sourcecode.swift; path = ViewController.swift; sourceTree = "<group>"; };
		F81A0696245135AD00573790 /* Base */ = {isa = PBXFileReference; lastKnownFileType = file.storyboard; name = Base; path = Base.lproj/Main.storyboard; sourceTree = "<group>"; };
		F81A0698245135AD00573790 /* Assets.xcassets */ = {isa = PBXFileReference; lastKnownFileType = folder.assetcatalog; path = Assets.xcassets; sourceTree = "<group>"; };
		F81A069B245135AD00573790 /* Base */ = {isa = PBXFileReference; lastKnownFileType = file.storyboard; name = Base; path = Base.lproj/LaunchScreen.storyboard; sourceTree = "<group>"; };
		F81A069D245135AD00573790 /* Info.plist */ = {isa = PBXFileReference; lastKnownFileType = text.plist.xml; path = Info.plist; sourceTree = "<group>"; };
		F81A06A3245135D900573790 /* bathroom.jpg */ = {isa = PBXFileReference; lastKnownFileType = image.jpeg; path = bathroom.jpg; sourceTree = "<group>"; };
		F81A06A4245135D900573790 /* kitchen.jpg */ = {isa = PBXFileReference; lastKnownFileType = image.jpeg; path = kitchen.jpg; sourceTree = "<group>"; };
		F81A06A5245135D900573790 /* dungeon.jpg */ = {isa = PBXFileReference; lastKnownFileType = image.jpeg; path = dungeon.jpg; sourceTree = "<group>"; };
		F81A06A6245135D900573790 /* dining_room.jpg */ = {isa = PBXFileReference; lastKnownFileType = image.jpeg; path = dining_room.jpg; sourceTree = "<group>"; };
		F81A06A7245135D900573790 /* bedroom.jpg */ = {isa = PBXFileReference; lastKnownFileType = image.jpeg; path = bedroom.jpg; sourceTree = "<group>"; };
		F81A06A8245135D900573790 /* library.jpg */ = {isa = PBXFileReference; lastKnownFileType = image.jpeg; path = library.jpg; sourceTree = "<group>"; };
		F81A06A9245135D900573790 /* cursed_chalice.jpg */ = {isa = PBXFileReference; lastKnownFileType = image.jpeg; path = cursed_chalice.jpg; sourceTree = "<group>"; };
		F81A06AA245135DA00573790 /* back_porch.jpg */ = {isa = PBXFileReference; lastKnownFileType = image.jpeg; path = back_porch.jpg; sourceTree = "<group>"; };
		F81A06AB245135DA00573790 /* mysterious_lake.jpg */ = {isa = PBXFileReference; lastKnownFileType = image.jpeg; path = mysterious_lake.jpg; sourceTree = "<group>"; };
		F81A06AC245135DA00573790 /* secret_passage.jpg */ = {isa = PBXFileReference; lastKnownFileType = image.jpeg; path = secret_passage.jpg; sourceTree = "<group>"; };
		F81A06AD245135DA00573790 /* front_door.jpg */ = {isa = PBXFileReference; lastKnownFileType = image.jpeg; path = front_door.jpg; sourceTree = "<group>"; };
		F81A06AE245135DA00573790 /* generator.jpg */ = {isa = PBXFileReference; lastKnownFileType = image.jpeg; path = generator.jpg; sourceTree = "<group>"; };
		F81A06AF245135DA00573790 /* coat_room.jpg */ = {isa = PBXFileReference; lastKnownFileType = image.jpeg; path = coat_room.jpg; sourceTree = "<group>"; };
		F81A06B0245135DA00573790 /* labratory.jpg */ = {isa = PBXFileReference; lastKnownFileType = image.jpeg; path = labratory.jpg; sourceTree = "<group>"; };
		F81A06B1245135DA00573790 /* stairs_up.jpg */ = {isa = PBXFileReference; lastKnownFileType = image.jpeg; path = stairs_up.jpg; sourceTree = "<group>"; };
/* End PBXFileReference section */

/* Begin PBXFrameworksBuildPhase section */
		F81A0689245135AD00573790 /* Frameworks */ = {
			isa = PBXFrameworksBuildPhase;
			buildActionMask = 2147483647;
			files = (
			);
			runOnlyForDeploymentPostprocessing = 0;
		};
/* End PBXFrameworksBuildPhase section */

/* Begin PBXGroup section */
		F81A0683245135AD00573790 = {
			isa = PBXGroup;
			children = (
				F81A068E245135AD00573790 /* assingment3 */,
				F81A068D245135AD00573790 /* Products */,
			);
			sourceTree = "<group>";
		};
		F81A068D245135AD00573790 /* Products */ = {
			isa = PBXGroup;
			children = (
				F81A068C245135AD00573790 /* assingment3.app */,
			);
			name = Products;
			sourceTree = "<group>";
		};
		F81A068E245135AD00573790 /* assingment3 */ = {
			isa = PBXGroup;
			children = (
				F81A06AA245135DA00573790 /* back_porch.jpg */,
				F81A06A3245135D900573790 /* bathroom.jpg */,
				F81A06A7245135D900573790 /* bedroom.jpg */,
				F81A06AF245135DA00573790 /* coat_room.jpg */,
				F81A06A9245135D900573790 /* cursed_chalice.jpg */,
				F81A06A6245135D900573790 /* dining_room.jpg */,
				F81A06A5245135D900573790 /* dungeon.jpg */,
				F81A06AD245135DA00573790 /* front_door.jpg */,
				F81A06AE245135DA00573790 /* generator.jpg */,
				F81A06A4245135D900573790 /* kitchen.jpg */,
				F81A06B0245135DA00573790 /* labratory.jpg */,
				F81A06A8245135D900573790 /* library.jpg */,
				F81A06AB245135DA00573790 /* mysterious_lake.jpg */,
				F81A06AC245135DA00573790 /* secret_passage.jpg */,
				F81A06B1245135DA00573790 /* stairs_up.jpg */,
				F81A068F245135AD00573790 /* AppDelegate.swift */,
				F81A0691245135AD00573790 /* SceneDelegate.swift */,
				F81A0693245135AD00573790 /* ViewController.swift */,
				F81A0695245135AD00573790 /* Main.storyboard */,
				F81A0698245135AD00573790 /* Assets.xcassets */,
				F81A069A245135AD00573790 /* LaunchScreen.storyboard */,
				F81A069D245135AD00573790 /* Info.plist */,
			);
			path = assingment3;
			sourceTree = "<group>";
		};
/* End PBXGroup section */

/* Begin PBXNativeTarget section */
		F81A068B245135AD00573790 /* assingment3 */ = {
			isa = PBXNativeTarget;
			buildConfigurationList = F81A06A0245135AD00573790 /* Build configuration list for PBXNativeTarget "assingment3" */;
			buildPhases = (
				F81A0688245135AD00573790 /* Sources */,
				F81A0689245135AD00573790 /* Frameworks */,
				F81A068A245135AD00573790 /* Resources */,
			);
			buildRules = (
			);
			dependencies = (
			);
			name = assingment3;
			productName = assingment3;
			productReference = F81A068C245135AD00573790 /* assingment3.app */;
			productType = "com.apple.product-type.application";
		};
/* End PBXNativeTarget section */

/* Begin PBXProject section */
		F81A0684245135AD00573790 /* Project object */ = {
			isa = PBXProject;
			attributes = {
				LastSwiftUpdateCheck = 1140;
				LastUpgradeCheck = 1140;
				ORGANIZATIONNAME = user169339;
				TargetAttributes = {
					F81A068B245135AD00573790 = {
						CreatedOnToolsVersion = 11.4.1;
					};
				};
			};
			buildConfigurationList = F81A0687245135AD00573790 /* Build configuration list for PBXProject "assingment3" */;
			compatibilityVersion = "Xcode 9.3";
			developmentRegion = en;
			hasScannedForEncodings = 0;
			knownRegions = (
				en,
				Base,
			);
			mainGroup = F81A0683245135AD00573790;
			productRefGroup = F81A068D245135AD00573790 /* Products */;
			projectDirPath = "";
			projectRoot = "";
			targets = (
				F81A068B245135AD00573790 /* assingment3 */,
			);
		};
/* End PBXProject section */

/* Begin PBXResourcesBuildPhase section */
		F81A068A245135AD00573790 /* Resources */ = {
			isa = PBXResourcesBuildPhase;
			buildActionMask = 2147483647;
			files = (
				F81A06C0245135DA00573790 /* stairs_up.jpg in Resources */,
				F81A06B4245135DA00573790 /* dungeon.jpg in Resources */,
				F81A069C245135AD00573790 /* LaunchScreen.storyboard in Resources */,
				F81A06B6245135DA00573790 /* bedroom.jpg in Resources */,
				F81A06B9245135DA00573790 /* back_porch.jpg in Resources */,
				F81A0699245135AD00573790 /* Assets.xcassets in Resources */,
				F81A06BB245135DA00573790 /* secret_passage.jpg in Resources */,
				F81A0697245135AD00573790 /* Main.storyboard in Resources */,
				F81A06B2245135DA00573790 /* bathroom.jpg in Resources */,
				F81A06B3245135DA00573790 /* kitchen.jpg in Resources */,
				F81A06BC245135DA00573790 /* front_door.jpg in Resources */,
				F81A06B8245135DA00573790 /* cursed_chalice.jpg in Resources */,
				F81A06B7245135DA00573790 /* library.jpg in Resources */,
				F81A06BF245135DA00573790 /* labratory.jpg in Resources */,
				F81A06BA245135DA00573790 /* mysterious_lake.jpg in Resources */,
				F81A06B5245135DA00573790 /* dining_room.jpg in Resources */,
				F81A06BD245135DA00573790 /* generator.jpg in Resources */,
				F81A06BE245135DA00573790 /* coat_room.jpg in Resources */,
			);
			runOnlyForDeploymentPostprocessing = 0;
		};
/* End PBXResourcesBuildPhase section */

/* Begin PBXSourcesBuildPhase section */
		F81A0688245135AD00573790 /* Sources */ = {
			isa = PBXSourcesBuildPhase;
			buildActionMask = 2147483647;
			files = (
				F81A0694245135AD00573790 /* ViewController.swift in Sources */,
				F81A0690245135AD00573790 /* AppDelegate.swift in Sources */,
				F81A0692245135AD00573790 /* SceneDelegate.swift in Sources */,
			);
			runOnlyForDeploymentPostprocessing = 0;
		};
/* End PBXSourcesBuildPhase section */

/* Begin PBXVariantGroup section */
		F81A0695245135AD00573790 /* Main.storyboard */ = {
			isa = PBXVariantGroup;
			children = (
				F81A0696245135AD00573790 /* Base */,
			);
			name = Main.storyboard;
			sourceTree = "<group>";
		};
		F81A069A245135AD00573790 /* LaunchScreen.storyboard */ = {
			isa = PBXVariantGroup;
			children = (
				F81A069B245135AD00573790 /* Base */,
			);
			name = LaunchScreen.storyboard;
			sourceTree = "<group>";
		};
/* End PBXVariantGroup section */

/* Begin XCBuildConfiguration section */
		F81A069E245135AD00573790 /* Debug */ = {
			isa = XCBuildConfiguration;
			buildSettings = {
				ALWAYS_SEARCH_USER_PATHS = NO;
				CLANG_ANALYZER_NONNULL = YES;
				CLANG_ANALYZER_NUMBER_OBJECT_CONVERSION = YES_AGGRESSIVE;
				CLANG_CXX_LANGUAGE_STANDARD = "gnu++14";
				CLANG_CXX_LIBRARY = "libc++";
				CLANG_ENABLE_MODULES = YES;
				CLANG_ENABLE_OBJC_ARC = YES;
				CLANG_ENABLE_OBJC_WEAK = YES;
				CLANG_WARN_BLOCK_CAPTURE_AUTORELEASING = YES;
				CLANG_WARN_BOOL_CONVERSION = YES;
				CLANG_WARN_COMMA = YES;
				CLANG_WARN_CONSTANT_CONVERSION = YES;
				CLANG_WARN_DEPRECATED_OBJC_IMPLEMENTATIONS = YES;
				CLANG_WARN_DIRECT_OBJC_ISA_USAGE = YES_ERROR;
				CLANG_WARN_DOCUMENTATION_COMMENTS = YES;
				CLANG_WARN_EMPTY_BODY = YES;
				CLANG_WARN_ENUM_CONVERSION = YES;
				CLANG_WARN_INFINITE_RECURSION = YES;
				CLANG_WARN_INT_CONVERSION = YES;
				CLANG_WARN_NON_LITERAL_NULL_CONVERSION = YES;
				CLANG_WARN_OBJC_IMPLICIT_RETAIN_SELF = YES;
				CLANG_WARN_OBJC_LITERAL_CONVERSION = YES;
				CLANG_WARN_OBJC_ROOT_CLASS = YES_ERROR;
				CLANG_WARN_RANGE_LOOP_ANALYSIS = YES;
				CLANG_WARN_STRICT_PROTOTYPES = YES;
				CLANG_WARN_SUSPICIOUS_MOVE = YES;
				CLANG_WARN_UNGUARDED_AVAILABILITY = YES_AGGRESSIVE;
				CLANG_WARN_UNREACHABLE_CODE = YES;
				CLANG_WARN__DUPLICATE_METHOD_MATCH = YES;
				COPY_PHASE_STRIP = NO;
				DEBUG_INFORMATION_FORMAT = dwarf;
				ENABLE_STRICT_OBJC_MSGSEND = YES;
				ENABLE_TESTABILITY = YES;
				GCC_C_LANGUAGE_STANDARD = gnu11;
				GCC_DYNAMIC_NO_PIC = NO;
				GCC_NO_COMMON_BLOCKS = YES;
				GCC_OPTIMIZATION_LEVEL = 0;
				GCC_PREPROCESSOR_DEFINITIONS = (
					"DEBUG=1",
					"$(inherited)",
				);
				GCC_WARN_64_TO_32_BIT_CONVERSION = YES;
				GCC_WARN_ABOUT_RETURN_TYPE = YES_ERROR;
				GCC_WARN_UNDECLARED_SELECTOR = YES;
				GCC_WARN_UNINITIALIZED_AUTOS = YES_AGGRESSIVE;
				GCC_WARN_UNUSED_FUNCTION = YES;
				GCC_WARN_UNUSED_VARIABLE = YES;
				IPHONEOS_DEPLOYMENT_TARGET = 13.4;
				MTL_ENABLE_DEBUG_INFO = INCLUDE_SOURCE;
				MTL_FAST_MATH = YES;
				ONLY_ACTIVE_ARCH = YES;
				SDKROOT = iphoneos;
				SWIFT_ACTIVE_COMPILATION_CONDITIONS = DEBUG;
				SWIFT_OPTIMIZATION_LEVEL = "-Onone";
			};
			name = Debug;
		};
		F81A069F245135AD00573790 /* Release */ = {
			isa = XCBuildConfiguration;
			buildSettings = {
				ALWAYS_SEARCH_USER_PATHS = NO;
				CLANG_ANALYZER_NONNULL = YES;
				CLANG_ANALYZER_NUMBER_OBJECT_CONVERSION = YES_AGGRESSIVE;
				CLANG_CXX_LANGUAGE_STANDARD = "gnu++14";
				CLANG_CXX_LIBRARY = "libc++";
				CLANG_ENABLE_MODULES = YES;
				CLANG_ENABLE_OBJC_ARC = YES;
				CLANG_ENABLE_OBJC_WEAK = YES;
				CLANG_WARN_BLOCK_CAPTURE_AUTORELEASING = YES;
				CLANG_WARN_BOOL_CONVERSION = YES;
				CLANG_WARN_COMMA = YES;
				CLANG_WARN_CONSTANT_CONVERSION = YES;
				CLANG_WARN_DEPRECATED_OBJC_IMPLEMENTATIONS = YES;
				CLANG_WARN_DIRECT_OBJC_ISA_USAGE = YES_ERROR;
				CLANG_WARN_DOCUMENTATION_COMMENTS = YES;
				CLANG_WARN_EMPTY_BODY = YES;
				CLANG_WARN_ENUM_CONVERSION = YES;
				CLANG_WARN_INFINITE_RECURSION = YES;
				CLANG_WARN_INT_CONVERSION = YES;
				CLANG_WARN_NON_LITERAL_NULL_CONVERSION = YES;
				CLANG_WARN_OBJC_IMPLICIT_RETAIN_SELF = YES;
				CLANG_WARN_OBJC_LITERAL_CONVERSION = YES;
				CLANG_WARN_OBJC_ROOT_CLASS = YES_ERROR;
				CLANG_WARN_RANGE_LOOP_ANALYSIS = YES;
				CLANG_WARN_STRICT_PROTOTYPES = YES;
				CLANG_WARN_SUSPICIOUS_MOVE = YES;
				CLANG_WARN_UNGUARDED_AVAILABILITY = YES_AGGRESSIVE;
				CLANG_WARN_UNREACHABLE_CODE = YES;
				CLANG_WARN__DUPLICATE_METHOD_MATCH = YES;
				COPY_PHASE_STRIP = NO;
				DEBUG_INFORMATION_FORMAT = "dwarf-with-dsym";
				ENABLE_NS_ASSERTIONS = NO;
				ENABLE_STRICT_OBJC_MSGSEND = YES;
				GCC_C_LANGUAGE_STANDARD = gnu11;
				GCC_NO_COMMON_BLOCKS = YES;
				GCC_WARN_64_TO_32_BIT_CONVERSION = YES;
				GCC_WARN_ABOUT_RETURN_TYPE = YES_ERROR;
				GCC_WARN_UNDECLARED_SELECTOR = YES;
				GCC_WARN_UNINITIALIZED_AUTOS = YES_AGGRESSIVE;
				GCC_WARN_UNUSED_FUNCTION = YES;
				GCC_WARN_UNUSED_VARIABLE = YES;
				IPHONEOS_DEPLOYMENT_TARGET = 13.4;
				MTL_ENABLE_DEBUG_INFO = NO;
				MTL_FAST_MATH = YES;
				SDKROOT = iphoneos;
				SWIFT_COMPILATION_MODE = wholemodule;
				SWIFT_OPTIMIZATION_LEVEL = "-O";
				VALIDATE_PRODUCT = YES;
			};
			name = Release;
		};
		F81A06A1245135AD00573790 /* Debug */ = {
			isa = XCBuildConfiguration;
			buildSettings = {
				ASSETCATALOG_COMPILER_APPICON_NAME = AppIcon;
				CODE_SIGN_STYLE = Automatic;
				DEVELOPMENT_TEAM = V8XWGFPV6C;
				INFOPLIST_FILE = assingment3/Info.plist;
				LD_RUNPATH_SEARCH_PATHS = (
					"$(inherited)",
					"@executable_path/Frameworks",
				);
				PRODUCT_BUNDLE_IDENTIFIER = fuwafuwa.assingment3;
				PRODUCT_NAME = "$(TARGET_NAME)";
				SWIFT_VERSION = 5.0;
				TARGETED_DEVICE_FAMILY = "1,2";
			};
			name = Debug;
		};
		F81A06A2245135AD00573790 /* Release */ = {
			isa = XCBuildConfiguration;
			buildSettings = {
				ASSETCATALOG_COMPILER_APPICON_NAME = AppIcon;
				CODE_SIGN_STYLE = Automatic;
				DEVELOPMENT_TEAM = V8XWGFPV6C;
				INFOPLIST_FILE = assingment3/Info.plist;
				LD_RUNPATH_SEARCH_PATHS = (
					"$(inherited)",
					"@executable_path/Frameworks",
				);
				PRODUCT_BUNDLE_IDENTIFIER = fuwafuwa.assingment3;
				PRODUCT_NAME = "$(TARGET_NAME)";
				SWIFT_VERSION = 5.0;
				TARGETED_DEVICE_FAMILY = "1,2";
			};
			name = Release;
		};
/* End XCBuildConfiguration section */

/* Begin XCConfigurationList section */
		F81A0687245135AD00573790 /* Build configuration list for PBXProject "assingment3" */ = {
			isa = XCConfigurationList;
			buildConfigurations = (
				F81A069E245135AD00573790 /* Debug */,
				F81A069F245135AD00573790 /* Release */,
			);
			defaultConfigurationIsVisible = 0;
			defaultConfigurationName = Release;
		};
		F81A06A0245135AD00573790 /* Build configuration list for PBXNativeTarget "assingment3" */ = {
			isa = XCConfigurationList;
			buildConfigurations = (
				F81A06A1245135AD00573790 /* Debug */,
				F81A06A2245135AD00573790 /* Release */,
			);
			defaultConfigurationIsVisible = 0;
			defaultConfigurationName = Release;
		};
/* End XCConfigurationList section */
	};
	rootObject = F81A0684245135AD00573790 /* Project object */;
}
